[root]
name = "servo"
version = "0.1.0"
dependencies = [
 "chunked_transfer 0.3.1 (registry+https://github.com/rust-lang/crates.io-index)",
]

[[package]]
name = "chunked_transfer"
version = "0.3.1"
source = "registry+https://github.com/rust-lang/crates.io-index"

[metadata]
"checksum chunked_transfer 0.3.1 (registry+https://github.com/rust-lang/crates.io-index)" = "498d20a7aaf62625b9bf26e637cf7736417cde1d0c99f1d04d1170229a85cf87"
